
Microsoft Visual Studio Solution File, Format Version 12.00
# Visual Studio 14
VisualStudioVersion = 14.0.25420.1
MinimumVisualStudioVersion = 10.0.40219.1
Project("{FAE04EC0-301F-11D3-BF4B-00C04F79EFBC}") = "App3.Android", "App3\App3.Android\App3.Android.csproj", "{73223732-0360-4B7C-BE2D-7570D52E9A00}"
EndProject
Project("{FAE04EC0-301F-11D3-BF4B-00C04F79EFBC}") = "App3", "App3\App3\App3.csproj", "{2F3C36C0-DE46-4610-B445-6077C07239BD}"
EndProject
Project("{FAE04EC0-301F-11D3-BF4B-00C04F79EFBC}") = "App3.UWP", "App3\App3.UWP\App3.UWP.csproj", "{247FFC64-FB72-405C-8CE6-EC34B46AB9CD}"
EndProject
Project("{FAE04EC0-301F-11D3-BF4B-00C04F79EFBC}") = "App3.iOS", "App3\App3.iOS\App3.iOS.csproj", "{D7F61786-2E4B-453D-9003-DCCE13B0217B}"
EndProject
Global
	GlobalSection(SolutionConfigurationPlatforms) = preSolution
		Ad-Hoc|Any CPU = Ad-Hoc|Any CPU
		Ad-Hoc|ARM = Ad-Hoc|ARM
		Ad-Hoc|iPhone = Ad-Hoc|iPhone
		Ad-Hoc|iPhoneSimulator = Ad-Hoc|iPhoneSimulator
		Ad-Hoc|x64 = Ad-Hoc|x64
		Ad-Hoc|x86 = Ad-Hoc|x86
		AppStore|Any CPU = AppStore|Any CPU
		AppStore|ARM = AppStore|ARM
		AppStore|iPhone = AppStore|iPhone
		AppStore|iPhoneSimulator = AppStore|iPhoneSimulator
		AppStore|x64 = AppStore|x64
		AppStore|x86 = AppStore|x86
		Debug|Any CPU = Debug|Any CPU
		Debug|ARM = Debug|ARM
		Debug|iPhone = Debug|iPhone
		Debug|iPhoneSimulator = Debug|iPhoneSimulator
		Debug|x64 = Debug|x64
		Debug|x86 = Debug|x86
		Release|Any CPU = Release|Any CPU
		Release|ARM = Release|ARM
		Release|iPhone = Release|iPhone
		Release|iPhoneSimulator = Release|iPhoneSimulator
		Release|x64 = Release|x64
		Release|x86 = Release|x86
	EndGlobalSection
	GlobalSection(ProjectConfigurationPlatforms) = postSolution
		{73223732-0360-4B7C-BE2D-7570D52E9A00}.Ad-Hoc|Any CPU.ActiveCfg = Release|Any CPU
		{73223732-0360-4B7C-BE2D-7570D52E9A00}.Ad-Hoc|Any CPU.Build.0 = Release|Any CPU
		{73223732-0360-4B7C-BE2D-7570D52E9A00}.Ad-Hoc|Any CPU.Deploy.0 = Release|Any CPU
		{73223732-0360-4B7C-BE2D-7570D52E9A00}.Ad-Hoc|ARM.ActiveCfg = Release|Any CPU
		{73223732-0360-4B7C-BE2D-7570D52E9A00}.Ad-Hoc|ARM.Build.0 = Release|Any CPU
		{73223732-0360-4B7C-BE2D-7570D52E9A00}.Ad-Hoc|ARM.Deploy.0 = Release|Any CPU
		{73223732-0360-4B7C-BE2D-7570D52E9A00}.Ad-Hoc|iPhone.ActiveCfg = Release|Any CPU
		{73223732-0360-4B7C-BE2D-7570D52E9A00}.Ad-Hoc|iPhone.Build.0 = Release|Any CPU
		{73223732-0360-4B7C-BE2D-7570D52E9A00}.Ad-Hoc|iPhone.Deploy.0 = Release|Any CPU
		{73223732-0360-4B7C-BE2D-7570D52E9A00}.Ad-Hoc|iPhoneSimulator.ActiveCfg = Release|Any CPU
		{73223732-0360-4B7C-BE2D-7570D52E9A00}.Ad-Hoc|iPhoneSimulator.Build.0 = Release|Any CPU
		{73223732-0360-4B7C-BE2D-7570D52E9A00}.Ad-Hoc|iPhoneSimulator.Deploy.0 = Release|Any CPU
		{73223732-0360-4B7C-BE2D-7570D52E9A00}.Ad-Hoc|x64.ActiveCfg = Release|Any CPU
		{73223732-0360-4B7C-BE2D-7570D52E9A00}.Ad-Hoc|x64.Build.0 = Release|Any CPU
		{73223732-0360-4B7C-BE2D-7570D52E9A00}.Ad-Hoc|x64.Deploy.0 = Release|Any CPU
		{73223732-0360-4B7C-BE2D-7570D52E9A00}.Ad-Hoc|x86.ActiveCfg = Release|Any CPU
		{73223732-0360-4B7C-BE2D-7570D52E9A00}.Ad-Hoc|x86.Build.0 = Release|Any CPU
		{73223732-0360-4B7C-BE2D-7570D52E9A00}.Ad-Hoc|x86.Deploy.0 = Release|Any CPU
		{73223732-0360-4B7C-BE2D-7570D52E9A00}.AppStore|Any CPU.ActiveCfg = Release|Any CPU
		{73223732-0360-4B7C-BE2D-7570D52E9A00}.AppStore|Any CPU.Build.0 = Release|Any CPU
		{73223732-0360-4B7C-BE2D-7570D52E9A00}.AppStore|Any CPU.Deploy.0 = Release|Any CPU
		{73223732-0360-4B7C-BE2D-7570D52E9A00}.AppStore|ARM.ActiveCfg = Release|Any CPU
		{73223732-0360-4B7C-BE2D-7570D52E9A00}.AppStore|ARM.Build.0 = Release|Any CPU
		{73223732-0360-4B7C-BE2D-7570D52E9A00}.AppStore|ARM.Deploy.0 = Release|Any CPU
		{73223732-0360-4B7C-BE2D-7570D52E9A00}.AppStore|iPhone.ActiveCfg = Release|Any CPU
		{73223732-0360-4B7C-BE2D-7570D52E9A00}.AppStore|iPhone.Build.0 = Release|Any CPU
		{73223732-0360-4B7C-BE2D-7570D52E9A00}.AppStore|iPhone.Deploy.0 = Release|Any CPU
		{73223732-0360-4B7C-BE2D-7570D52E9A00}.AppStore|iPhoneSimulator.ActiveCfg = Release|Any CPU
		{73223732-0360-4B7C-BE2D-7570D52E9A00}.AppStore|iPhoneSimulator.Build.0 = Release|Any CPU
		{73223732-0360-4B7C-BE2D-7570D52E9A00}.AppStore|iPhoneSimulator.Deploy.0 = Release|Any CPU
		{73223732-0360-4B7C-BE2D-7570D52E9A00}.AppStore|x64.ActiveCfg = Release|Any CPU
		{73223732-0360-4B7C-BE2D-7570D52E9A00}.AppStore|x64.Build.0 = Release|Any CPU
		{73223732-0360-4B7C-BE2D-7570D52E9A00}.AppStore|x64.Deploy.0 = Release|Any CPU
		{73223732-0360-4B7C-BE2D-7570D52E9A00}.AppStore|x86.ActiveCfg = Release|Any CPU
		{73223732-0360-4B7C-BE2D-7570D52E9A00}.AppStore|x86.Build.0 = Release|Any CPU
		{73223732-0360-4B7C-BE2D-7570D52E9A00}.AppStore|x86.Deploy.0 = Release|Any CPU
		{73223732-0360-4B7C-BE2D-7570D52E9A00}.Debug|Any CPU.ActiveCfg = Debug|Any CPU
		{73223732-0360-4B7C-BE2D-7570D52E9A00}.Debug|Any CPU.Build.0 = Debug|Any CPU
		{73223732-0360-4B7C-BE2D-7570D52E9A00}.Debug|Any CPU.Deploy.0 = Debug|Any CPU
		{73223732-0360-4B7C-BE2D-7570D52E9A00}.Debug|ARM.ActiveCfg = Debug|Any CPU
		{73223732-0360-4B7C-BE2D-7570D52E9A00}.Debug|ARM.Build.0 = Debug|Any CPU
		{73223732-0360-4B7C-BE2D-7570D52E9A00}.Debug|ARM.Deploy.0 = Debug|Any CPU
		{73223732-0360-4B7C-BE2D-7570D52E9A00}.Debug|iPhone.ActiveCfg = Debug|Any CPU
		{73223732-0360-4B7C-BE2D-7570D52E9A00}.Debug|iPhone.Build.0 = Debug|Any CPU
		{73223732-0360-4B7C-BE2D-7570D52E9A00}.Debug|iPhone.Deploy.0 = Debug|Any CPU
		{73223732-0360-4B7C-BE2D-7570D52E9A00}.Debug|iPhoneSimulator.ActiveCfg = Debug|Any CPU
		{73223732-0360-4B7C-BE2D-7570D52E9A00}.Debug|iPhoneSimulator.Build.0 = Debug|Any CPU
		{73223732-0360-4B7C-BE2D-7570D52E9A00}.Debug|iPhoneSimulator.Deploy.0 = Debug|Any CPU
		{73223732-0360-4B7C-BE2D-7570D52E9A00}.Debug|x64.ActiveCfg = Debug|Any CPU
		{73223732-0360-4B7C-BE2D-7570D52E9A00}.Debug|x64.Build.0 = Debug|Any CPU
		{73223732-0360-4B7C-BE2D-7570D52E9A00}.Debug|x64.Deploy.0 = Debug|Any CPU
		{73223732-0360-4B7C-BE2D-7570D52E9A00}.Debug|x86.ActiveCfg = Debug|Any CPU
		{73223732-0360-4B7C-BE2D-7570D52E9A00}.Debug|x86.Build.0 = Debug|Any CPU
		{73223732-0360-4B7C-BE2D-7570D52E9A00}.Debug|x86.Deploy.0 = Debug|Any CPU
		{73223732-0360-4B7C-BE2D-7570D52E9A00}.Release|Any CPU.ActiveCfg = Release|Any CPU
		{73223732-0360-4B7C-BE2D-7570D52E9A00}.Release|Any CPU.Build.0 = Release|Any CPU
		{73223732-0360-4B7C-BE2D-7570D52E9A00}.Release|Any CPU.Deploy.0 = Release|Any CPU
		{73223732-0360-4B7C-BE2D-7570D52E9A00}.Release|ARM.ActiveCfg = Release|Any CPU
		{73223732-0360-4B7C-BE2D-7570D52E9A00}.Release|ARM.Build.0 = Release|Any CPU
		{73223732-0360-4B7C-BE2D-7570D52E9A00}.Release|ARM.Deploy.0 = Release|Any CPU
		{73223732-0360-4B7C-BE2D-7570D52E9A00}.Release|iPhone.ActiveCfg = Release|Any CPU
		{73223732-0360-4B7C-BE2D-7570D52E9A00}.Release|iPhone.Build.0 = Release|Any CPU
		{73223732-0360-4B7C-BE2D-7570D52E9A00}.Release|iPhone.Deploy.0 = Release|Any CPU
		{73223732-0360-4B7C-BE2D-7570D52E9A00}.Release|iPhoneSimulator.ActiveCfg = Release|Any CPU
		{73223732-0360-4B7C-BE2D-7570D52E9A00}.Release|iPhoneSimulator.Build.0 = Release|Any CPU
		{73223732-0360-4B7C-BE2D-7570D52E9A00}.Release|iPhoneSimulator.Deploy.0 = Release|Any CPU
		{73223732-0360-4B7C-BE2D-7570D52E9A00}.Release|x64.ActiveCfg = Release|Any CPU
		{73223732-0360-4B7C-BE2D-7570D52E9A00}.Release|x64.Build.0 = Release|Any CPU
		{73223732-0360-4B7C-BE2D-7570D52E9A00}.Release|x64.Deploy.0 = Release|Any CPU
		{73223732-0360-4B7C-BE2D-7570D52E9A00}.Release|x86.ActiveCfg = Release|Any CPU
		{73223732-0360-4B7C-BE2D-7570D52E9A00}.Release|x86.Build.0 = Release|Any CPU
		{73223732-0360-4B7C-BE2D-7570D52E9A00}.Release|x86.Deploy.0 = Release|Any CPU
		{2F3C36C0-DE46-4610-B445-6077C07239BD}.Ad-Hoc|Any CPU.ActiveCfg = Release|Any CPU
		{2F3C36C0-DE46-4610-B445-6077C07239BD}.Ad-Hoc|Any CPU.Build.0 = Release|Any CPU
		{2F3C36C0-DE46-4610-B445-6077C07239BD}.Ad-Hoc|ARM.ActiveCfg = Release|Any CPU
		{2F3C36C0-DE46-4610-B445-6077C07239BD}.Ad-Hoc|ARM.Build.0 = Release|Any CPU
		{2F3C36C0-DE46-4610-B445-6077C07239BD}.Ad-Hoc|iPhone.ActiveCfg = Release|Any CPU
		{2F3C36C0-DE46-4610-B445-6077C07239BD}.Ad-Hoc|iPhone.Build.0 = Release|Any CPU
		{2F3C36C0-DE46-4610-B445-6077C07239BD}.Ad-Hoc|iPhoneSimulator.ActiveCfg = Release|Any CPU
		{2F3C36C0-DE46-4610-B445-6077C07239BD}.Ad-Hoc|iPhoneSimulator.Build.0 = Release|Any CPU
		{2F3C36C0-DE46-4610-B445-6077C07239BD}.Ad-Hoc|x64.ActiveCfg = Release|Any CPU
		{2F3C36C0-DE46-4610-B445-6077C07239BD}.Ad-Hoc|x64.Build.0 = Release|Any CPU
		{2F3C36C0-DE46-4610-B445-6077C07239BD}.Ad-Hoc|x86.ActiveCfg = Release|Any CPU
		{2F3C36C0-DE46-4610-B445-6077C07239BD}.Ad-Hoc|x86.Build.0 = Release|Any CPU
		{2F3C36C0-DE46-4610-B445-6077C07239BD}.AppStore|Any CPU.ActiveCfg = Release|Any CPU
		{2F3C36C0-DE46-4610-B445-6077C07239BD}.AppStore|Any CPU.Build.0 = Release|Any CPU
		{2F3C36C0-DE46-4610-B445-6077C07239BD}.AppStore|ARM.ActiveCfg = Release|Any CPU
		{2F3C36C0-DE46-4610-B445-6077C07239BD}.AppStore|ARM.Build.0 = Release|Any CPU
		{2F3C36C0-DE46-4610-B445-6077C07239BD}.AppStore|iPhone.ActiveCfg = Release|Any CPU
		{2F3C36C0-DE46-4610-B445-6077C07239BD}.AppStore|iPhone.Build.0 = Release|Any CPU
		{2F3C36C0-DE46-4610-B445-6077C07239BD}.AppStore|iPhoneSimulator.ActiveCfg = Release|Any CPU
		{2F3C36C0-DE46-4610-B445-6077C07239BD}.AppStore|iPhoneSimulator.Build.0 = Release|Any CPU
		{2F3C36C0-DE46-4610-B445-6077C07239BD}.AppStore|x64.ActiveCfg = Release|Any CPU
		{2F3C36C0-DE46-4610-B445-6077C07239BD}.AppStore|x64.Build.0 = Release|Any CPU
		{2F3C36C0-DE46-4610-B445-6077C07239BD}.AppStore|x86.ActiveCfg = Release|Any CPU
		{2F3C36C0-DE46-4610-B445-6077C07239BD}.AppStore|x86.Build.0 = Release|Any CPU
		{2F3C36C0-DE46-4610-B445-6077C07239BD}.Debug|Any CPU.ActiveCfg = Debug|Any CPU
		{2F3C36C0-DE46-4610-B445-6077C07239BD}.Debug|Any CPU.Build.0 = Debug|Any CPU
		{2F3C36C0-DE46-4610-B445-6077C07239BD}.Debug|ARM.ActiveCfg = Debug|Any CPU
		{2F3C36C0-DE46-4610-B445-6077C07239BD}.Debug|ARM.Build.0 = Debug|Any CPU
		{2F3C36C0-DE46-4610-B445-6077C07239BD}.Debug|iPhone.ActiveCfg = Debug|Any CPU
		{2F3C36C0-DE46-4610-B445-6077C07239BD}.Debug|iPhone.Build.0 = Debug|Any CPU
		{2F3C36C0-DE46-4610-B445-6077C07239BD}.Debug|iPhoneSimulator.ActiveCfg = Debug|Any CPU
		{2F3C36C0-DE46-4610-B445-6077C07239BD}.Debug|iPhoneSimulator.Build.0 = Debug|Any CPU
		{2F3C36C0-DE46-4610-B445-6077C07239BD}.Debug|x64.ActiveCfg = Debug|Any CPU
		{2F3C36C0-DE46-4610-B445-6077C07239BD}.Debug|x64.Build.0 = Debug|Any CPU
		{2F3C36C0-DE46-4610-B445-6077C07239BD}.Debug|x86.ActiveCfg = Debug|Any CPU
		{2F3C36C0-DE46-4610-B445-6077C07239BD}.Debug|x86.Build.0 = Debug|Any CPU
		{2F3C36C0-DE46-4610-B445-6077C07239BD}.Release|Any CPU.ActiveCfg = Release|Any CPU
		{2F3C36C0-DE46-4610-B445-6077C07239BD}.Release|Any CPU.Build.0 = Release|Any CPU
		{2F3C36C0-DE46-4610-B445-6077C07239BD}.Release|ARM.ActiveCfg = Release|Any CPU
		{2F3C36C0-DE46-4610-B445-6077C07239BD}.Release|ARM.Build.0 = Release|Any CPU
		{2F3C36C0-DE46-4610-B445-6077C07239BD}.Release|iPhone.ActiveCfg = Release|Any CPU
		{2F3C36C0-DE46-4610-B445-6077C07239BD}.Release|iPhone.Build.0 = Release|Any CPU
		{2F3C36C0-DE46-4610-B445-6077C07239BD}.Release|iPhoneSimulator.ActiveCfg = Release|Any CPU
		{2F3C36C0-DE46-4610-B445-6077C07239BD}.Release|iPhoneSimulator.Build.0 = Release|Any CPU
		{2F3C36C0-DE46-4610-B445-6077C07239BD}.Release|x64.ActiveCfg = Release|Any CPU
		{2F3C36C0-DE46-4610-B445-6077C07239BD}.Release|x64.Build.0 = Release|Any CPU
		{2F3C36C0-DE46-4610-B445-6077C07239BD}.Release|x86.ActiveCfg = Release|Any CPU
		{2F3C36C0-DE46-4610-B445-6077C07239BD}.Release|x86.Build.0 = Release|Any CPU
		{247FFC64-FB72-405C-8CE6-EC34B46AB9CD}.Ad-Hoc|Any CPU.ActiveCfg = Release|x86
		{247FFC64-FB72-405C-8CE6-EC34B46AB9CD}.Ad-Hoc|Any CPU.Build.0 = Release|x86
		{247FFC64-FB72-405C-8CE6-EC34B46AB9CD}.Ad-Hoc|Any CPU.Deploy.0 = Release|x86
		{247FFC64-FB72-405C-8CE6-EC34B46AB9CD}.Ad-Hoc|ARM.ActiveCfg = Release|ARM
		{247FFC64-FB72-405C-8CE6-EC34B46AB9CD}.Ad-Hoc|ARM.Build.0 = Release|ARM
		{247FFC64-FB72-405C-8CE6-EC34B46AB9CD}.Ad-Hoc|ARM.Deploy.0 = Release|ARM
		{247FFC64-FB72-405C-8CE6-EC34B46AB9CD}.Ad-Hoc|iPhone.ActiveCfg = Release|x86
		{247FFC64-FB72-405C-8CE6-EC34B46AB9CD}.Ad-Hoc|iPhone.Build.0 = Release|x86
		{247FFC64-FB72-405C-8CE6-EC34B46AB9CD}.Ad-Hoc|iPhone.Deploy.0 = Release|x86
		{247FFC64-FB72-405C-8CE6-EC34B46AB9CD}.Ad-Hoc|iPhoneSimulator.ActiveCfg = Release|x86
		{247FFC64-FB72-405C-8CE6-EC34B46AB9CD}.Ad-Hoc|iPhoneSimulator.Build.0 = Release|x86
		{247FFC64-FB72-405C-8CE6-EC34B46AB9CD}.Ad-Hoc|iPhoneSimulator.Deploy.0 = Release|x86
		{247FFC64-FB72-405C-8CE6-EC34B46AB9CD}.Ad-Hoc|x64.ActiveCfg = Release|x64
		{247FFC64-FB72-405C-8CE6-EC34B46AB9CD}.Ad-Hoc|x64.Build.0 = Release|x64
		{247FFC64-FB72-405C-8CE6-EC34B46AB9CD}.Ad-Hoc|x64.Deploy.0 = Release|x64
		{247FFC64-FB72-405C-8CE6-EC34B46AB9CD}.Ad-Hoc|x86.ActiveCfg = Release|x86
		{247FFC64-FB72-405C-8CE6-EC34B46AB9CD}.Ad-Hoc|x86.Build.0 = Release|x86
		{247FFC64-FB72-405C-8CE6-EC34B46AB9CD}.Ad-Hoc|x86.Deploy.0 = Release|x86
		{247FFC64-FB72-405C-8CE6-EC34B46AB9CD}.AppStore|Any CPU.ActiveCfg = Release|x86
		{247FFC64-FB72-405C-8CE6-EC34B46AB9CD}.AppStore|Any CPU.Build.0 = Release|x86
		{247FFC64-FB72-405C-8CE6-EC34B46AB9CD}.AppStore|Any CPU.Deploy.0 = Release|x86
		{247FFC64-FB72-405C-8CE6-EC34B46AB9CD}.AppStore|ARM.ActiveCfg = Release|ARM
		{247FFC64-FB72-405C-8CE6-EC34B46AB9CD}.AppStore|ARM.Build.0 = Release|ARM
		{247FFC64-FB72-405C-8CE6-EC34B46AB9CD}.AppStore|ARM.Deploy.0 = Release|ARM
		{247FFC64-FB72-405C-8CE6-EC34B46AB9CD}.AppStore|iPhone.ActiveCfg = Release|x86
		{247FFC64-FB72-405C-8CE6-EC34B46AB9CD}.AppStore|iPhone.Build.0 = Release|x86
		{247FFC64-FB72-405C-8CE6-EC34B46AB9CD}.AppStore|iPhone.Deploy.0 = Release|x86
		{247FFC64-FB72-405C-8CE6-EC34B46AB9CD}.AppStore|iPhoneSimulator.ActiveCfg = Release|x86
		{247FFC64-FB72-405C-8CE6-EC34B46AB9CD}.AppStore|iPhoneSimulator.Build.0 = Release|x86
		{247FFC64-FB72-405C-8CE6-EC34B46AB9CD}.AppStore|iPhoneSimulator.Deploy.0 = Release|x86
		{247FFC64-FB72-405C-8CE6-EC34B46AB9CD}.AppStore|x64.ActiveCfg = Release|x64
		{247FFC64-FB72-405C-8CE6-EC34B46AB9CD}.AppStore|x64.Build.0 = Release|x64
		{247FFC64-FB72-405C-8CE6-EC34B46AB9CD}.AppStore|x64.Deploy.0 = Release|x64
		{247FFC64-FB72-405C-8CE6-EC34B46AB9CD}.AppStore|x86.ActiveCfg = Release|x86
		{247FFC64-FB72-405C-8CE6-EC34B46AB9CD}.AppStore|x86.Build.0 = Release|x86
		{247FFC64-FB72-405C-8CE6-EC34B46AB9CD}.AppStore|x86.Deploy.0 = Release|x86
		{247FFC64-FB72-405C-8CE6-EC34B46AB9CD}.Debug|Any CPU.ActiveCfg = Debug|x86
		{247FFC64-FB72-405C-8CE6-EC34B46AB9CD}.Debug|ARM.ActiveCfg = Debug|ARM
		{247FFC64-FB72-405C-8CE6-EC34B46AB9CD}.Debug|ARM.Build.0 = Debug|ARM
		{247FFC64-FB72-405C-8CE6-EC34B46AB9CD}.Debug|ARM.Deploy.0 = Debug|ARM
		{247FFC64-FB72-405C-8CE6-EC34B46AB9CD}.Debug|iPhone.ActiveCfg = Debug|x86
		{247FFC64-FB72-405C-8CE6-EC34B46AB9CD}.Debug|iPhoneSimulator.ActiveCfg = Debug|x86
		{247FFC64-FB72-405C-8CE6-EC34B46AB9CD}.Debug|x64.ActiveCfg = Debug|x64
		{247FFC64-FB72-405C-8CE6-EC34B46AB9CD}.Debug|x64.Build.0 = Debug|x64
		{247FFC64-FB72-405C-8CE6-EC34B46AB9CD}.Debug|x64.Deploy.0 = Debug|x64
		{247FFC64-FB72-405C-8CE6-EC34B46AB9CD}.Debug|x86.ActiveCfg = Debug|x86
		{247FFC64-FB72-405C-8CE6-EC34B46AB9CD}.Debug|x86.Build.0 = Debug|x86
		{247FFC64-FB72-405C-8CE6-EC34B46AB9CD}.Debug|x86.Deploy.0 = Debug|x86
		{247FFC64-FB72-405C-8CE6-EC34B46AB9CD}.Release|Any CPU.ActiveCfg = Release|x86
		{247FFC64-FB72-405C-8CE6-EC34B46AB9CD}.Release|ARM.ActiveCfg = Release|ARM
		{247FFC64-FB72-405C-8CE6-EC34B46AB9CD}.Release|ARM.Build.0 = Release|ARM
		{247FFC64-FB72-405C-8CE6-EC34B46AB9CD}.Release|ARM.Deploy.0 = Release|ARM
		{247FFC64-FB72-405C-8CE6-EC34B46AB9CD}.Release|iPhone.ActiveCfg = Release|x86
		{247FFC64-FB72-405C-8CE6-EC34B46AB9CD}.Release|iPhoneSimulator.ActiveCfg = Release|x86
		{247FFC64-FB72-405C-8CE6-EC34B46AB9CD}.Release|x64.ActiveCfg = Release|x64
		{247FFC64-FB72-405C-8CE6-EC34B46AB9CD}.Release|x64.Build.0 = Release|x64
		{247FFC64-FB72-405C-8CE6-EC34B46AB9CD}.Release|x64.Deploy.0 = Release|x64
		{247FFC64-FB72-405C-8CE6-EC34B46AB9CD}.Release|x86.ActiveCfg = Release|x86
		{247FFC64-FB72-405C-8CE6-EC34B46AB9CD}.Release|x86.Build.0 = Release|x86
		{247FFC64-FB72-405C-8CE6-EC34B46AB9CD}.Release|x86.Deploy.0 = Release|x86
		{D7F61786-2E4B-453D-9003-DCCE13B0217B}.Ad-Hoc|Any CPU.ActiveCfg = Ad-Hoc|iPhone
		{D7F61786-2E4B-453D-9003-DCCE13B0217B}.Ad-Hoc|ARM.ActiveCfg = Ad-Hoc|iPhone
		{D7F61786-2E4B-453D-9003-DCCE13B0217B}.Ad-Hoc|iPhone.ActiveCfg = Ad-Hoc|iPhone
		{D7F61786-2E4B-453D-9003-DCCE13B0217B}.Ad-Hoc|iPhone.Build.0 = Ad-Hoc|iPhone
		{D7F61786-2E4B-453D-9003-DCCE13B0217B}.Ad-Hoc|iPhoneSimulator.ActiveCfg = Ad-Hoc|iPhoneSimulator
		{D7F61786-2E4B-453D-9003-DCCE13B0217B}.Ad-Hoc|iPhoneSimulator.Build.0 = Ad-Hoc|iPhoneSimulator
		{D7F61786-2E4B-453D-9003-DCCE13B0217B}.Ad-Hoc|x64.ActiveCfg = Ad-Hoc|iPhone
		{D7F61786-2E4B-453D-9003-DCCE13B0217B}.Ad-Hoc|x86.ActiveCfg = Ad-Hoc|iPhone
		{D7F61786-2E4B-453D-9003-DCCE13B0217B}.AppStore|Any CPU.ActiveCfg = AppStore|iPhone
		{D7F61786-2E4B-453D-9003-DCCE13B0217B}.AppStore|ARM.ActiveCfg = AppStore|iPhone
		{D7F61786-2E4B-453D-9003-DCCE13B0217B}.AppStore|iPhone.ActiveCfg = AppStore|iPhone
		{D7F61786-2E4B-453D-9003-DCCE13B0217B}.AppStore|iPhone.Build.0 = AppStore|iPhone
		{D7F61786-2E4B-453D-9003-DCCE13B0217B}.AppStore|iPhoneSimulator.ActiveCfg = AppStore|iPhoneSimulator
		{D7F61786-2E4B-453D-9003-DCCE13B0217B}.AppStore|iPhoneSimulator.Build.0 = AppStore|iPhoneSimulator
		{D7F61786-2E4B-453D-9003-DCCE13B0217B}.AppStore|x64.ActiveCfg = AppStore|iPhone
		{D7F61786-2E4B-453D-9003-DCCE13B0217B}.AppStore|x86.ActiveCfg = AppStore|iPhone
		{D7F61786-2E4B-453D-9003-DCCE13B0217B}.Debug|Any CPU.ActiveCfg = Debug|iPhone
		{D7F61786-2E4B-453D-9003-DCCE13B0217B}.Debug|ARM.ActiveCfg = Debug|iPhone
		{D7F61786-2E4B-453D-9003-DCCE13B0217B}.Debug|iPhone.ActiveCfg = Debug|iPhone
		{D7F61786-2E4B-453D-9003-DCCE13B0217B}.Debug|iPhone.Build.0 = Debug|iPhone
		{D7F61786-2E4B-453D-9003-DCCE13B0217B}.Debug|iPhoneSimulator.ActiveCfg = Debug|iPhoneSimulator
		{D7F61786-2E4B-453D-9003-DCCE13B0217B}.Debug|iPhoneSimulator.Build.0 = Debug|iPhoneSimulator
		{D7F61786-2E4B-453D-9003-DCCE13B0217B}.Debug|x64.ActiveCfg = Debug|iPhone
		{D7F61786-2E4B-453D-9003-DCCE13B0217B}.Debug|x86.ActiveCfg = Debug|iPhone
		{D7F61786-2E4B-453D-9003-DCCE13B0217B}.Release|Any CPU.ActiveCfg = Release|iPhone
		{D7F61786-2E4B-453D-9003-DCCE13B0217B}.Release|ARM.ActiveCfg = Release|iPhone
		{D7F61786-2E4B-453D-9003-DCCE13B0217B}.Release|iPhone.ActiveCfg = Release|iPhone
		{D7F61786-2E4B-453D-9003-DCCE13B0217B}.Release|iPhone.Build.0 = Release|iPhone
		{D7F61786-2E4B-453D-9003-DCCE13B0217B}.Release|iPhoneSimulator.ActiveCfg = Release|iPhoneSimulator
		{D7F61786-2E4B-453D-9003-DCCE13B0217B}.Release|iPhoneSimulator.Build.0 = Release|iPhoneSimulator
		{D7F61786-2E4B-453D-9003-DCCE13B0217B}.Release|x64.ActiveCfg = Release|iPhone
		{D7F61786-2E4B-453D-9003-DCCE13B0217B}.Release|x86.ActiveCfg = Release|iPhone
	EndGlobalSection
	GlobalSection(SolutionProperties) = preSolution
		HideSolutionNode = FALSE
	EndGlobalSection
EndGlobal
